
Microsoft Visual Studio Solution File, Format Version 12.00
# Visual Studio Version 16
VisualStudioVersion = 16.0.31829.152
MinimumVisualStudioVersion = 10.0.40219.1
Project("{FAE04EC0-301F-11D3-BF4B-00C04F79EFBC}") = "Tesis2", "Tesis2.0\Tesis2.csproj", "{3E42F215-CFB1-4C48-BB8B-7423FBE65892}"
EndProject
Global
	GlobalSection(SolutionConfigurationPlatforms) = preSolution
		Debug|Any CPU = Debug|Any CPU
		Release|Any CPU = Release|Any CPU
	EndGlobalSection
	GlobalSection(ProjectConfigurationPlatforms) = postSolution
		{3E42F215-CFB1-4C48-BB8B-7423FBE65892}.Debug|Any CPU.ActiveCfg = Debug|Any CPU
		{3E42F215-CFB1-4C48-BB8B-7423FBE65892}.Debug|Any CPU.Build.0 = Debug|Any CPU
		{3E42F215-CFB1-4C48-BB8B-7423FBE65892}.Release|Any CPU.ActiveCfg = Release|Any CPU
		{3E42F215-CFB1-4C48-BB8B-7423FBE65892}.Release|Any CPU.Build.0 = Release|Any CPU
	EndGlobalSection
	GlobalSection(SolutionProperties) = preSolution
		HideSolutionNode = FALSE
	EndGlobalSection
	GlobalSection(ExtensibilityGlobals) = postSolution
		SolutionGuid = {E2522F92-01CF-49A4-93E1-FF632D3A5500}
	EndGlobalSection
EndGlobal
